
Microsoft Visual Studio Solution File, Format Version 12.00
# Visual Studio Version 16
VisualStudioVersion = 16.0.30011.22
MinimumVisualStudioVersion = 10.0.40219.1
Project("{FAE04EC0-301F-11D3-BF4B-00C04F79EFBC}") = "RandomWeatherPlugin", "RandomWeatherPlugin.csproj", "{BEFD34FB-123F-480F-B0D6-37F324F47DD1}"
EndProject
Global
	GlobalSection(SolutionConfigurationPlatforms) = preSolution
		Debug|Any CPU = Debug|Any CPU
		Release|Any CPU = Release|Any CPU
	EndGlobalSection
	GlobalSection(ProjectConfigurationPlatforms) = postSolution
		{BEFD34FB-123F-480F-B0D6-37F324F47DD1}.Debug|Any CPU.ActiveCfg = Debug|Any CPU
		{BEFD34FB-123F-480F-B0D6-37F324F47DD1}.Debug|Any CPU.Build.0 = Debug|Any CPU
		{BEFD34FB-123F-480F-B0D6-37F324F47DD1}.Release|Any CPU.ActiveCfg = Release|Any CPU
		{BEFD34FB-123F-480F-B0D6-37F324F47DD1}.Release|Any CPU.Build.0 = Release|Any CPU
	EndGlobalSection
	GlobalSection(SolutionProperties) = preSolution
		HideSolutionNode = FALSE
	EndGlobalSection
	GlobalSection(ExtensibilityGlobals) = postSolution
		SolutionGuid = {B8251E1E-640F-4F3C-ACA1-8DA524B1E49D}
	EndGlobalSection
EndGlobal
